
Microsoft Visual Studio Solution File, Format Version 12.00
# Visual Studio Version 16
VisualStudioVersion = 16.0.31220.234
MinimumVisualStudioVersion = 10.0.40219.1
Project("{9A19103F-16F7-4668-BE54-9A1E7A4F7556}") = "CountryApp", "CountryApp\CountryApp\CountryApp.csproj", "{1E2FA0E7-6856-49E7-B12A-C7B53EF77C75}"
EndProject
Project("{9A19103F-16F7-4668-BE54-9A1E7A4F7556}") = "CountryApp.WinUI3", "CountryApp\CountryApp.WinUI3\CountryApp.WinUI3.csproj", "{22D907EB-2802-4E63-94B4-2358303AEAD8}"
EndProject
Project("{C7167F0D-BC9F-4E6E-AFE1-012C56B48DB5}") = "CountryApp.WinUI3 (Package)", "CountryApp\CountryApp.WinUI3 (Package)\CountryApp.WinUI3 (Package).wapproj", "{AF636FF8-0018-4CF1-8713-5F639167FCD3}"
EndProject
Global
	GlobalSection(SolutionConfigurationPlatforms) = preSolution
		Debug|Any CPU = Debug|Any CPU
		Debug|arm64 = Debug|arm64
		Debug|x64 = Debug|x64
		Debug|x86 = Debug|x86
		Release|Any CPU = Release|Any CPU
		Release|arm64 = Release|arm64
		Release|x64 = Release|x64
		Release|x86 = Release|x86
	EndGlobalSection
	GlobalSection(ProjectConfigurationPlatforms) = postSolution
		{1E2FA0E7-6856-49E7-B12A-C7B53EF77C75}.Debug|Any CPU.ActiveCfg = Debug|Any CPU
		{1E2FA0E7-6856-49E7-B12A-C7B53EF77C75}.Debug|Any CPU.Build.0 = Debug|Any CPU
		{1E2FA0E7-6856-49E7-B12A-C7B53EF77C75}.Debug|Any CPU.Deploy.0 = Debug|Any CPU
		{1E2FA0E7-6856-49E7-B12A-C7B53EF77C75}.Debug|arm64.ActiveCfg = Debug|Any CPU
		{1E2FA0E7-6856-49E7-B12A-C7B53EF77C75}.Debug|arm64.Build.0 = Debug|Any CPU
		{1E2FA0E7-6856-49E7-B12A-C7B53EF77C75}.Debug|arm64.Deploy.0 = Debug|Any CPU
		{1E2FA0E7-6856-49E7-B12A-C7B53EF77C75}.Debug|x64.ActiveCfg = Debug|Any CPU
		{1E2FA0E7-6856-49E7-B12A-C7B53EF77C75}.Debug|x64.Build.0 = Debug|Any CPU
		{1E2FA0E7-6856-49E7-B12A-C7B53EF77C75}.Debug|x64.Deploy.0 = Debug|Any CPU
		{1E2FA0E7-6856-49E7-B12A-C7B53EF77C75}.Debug|x86.ActiveCfg = Debug|Any CPU
		{1E2FA0E7-6856-49E7-B12A-C7B53EF77C75}.Debug|x86.Build.0 = Debug|Any CPU
		{1E2FA0E7-6856-49E7-B12A-C7B53EF77C75}.Debug|x86.Deploy.0 = Debug|Any CPU
		{1E2FA0E7-6856-49E7-B12A-C7B53EF77C75}.Release|Any CPU.ActiveCfg = Release|Any CPU
		{1E2FA0E7-6856-49E7-B12A-C7B53EF77C75}.Release|Any CPU.Build.0 = Release|Any CPU
		{1E2FA0E7-6856-49E7-B12A-C7B53EF77C75}.Release|Any CPU.Deploy.0 = Release|Any CPU
		{1E2FA0E7-6856-49E7-B12A-C7B53EF77C75}.Release|arm64.ActiveCfg = Release|Any CPU
		{1E2FA0E7-6856-49E7-B12A-C7B53EF77C75}.Release|arm64.Build.0 = Release|Any CPU
		{1E2FA0E7-6856-49E7-B12A-C7B53EF77C75}.Release|arm64.Deploy.0 = Release|Any CPU
		{1E2FA0E7-6856-49E7-B12A-C7B53EF77C75}.Release|x64.ActiveCfg = Release|Any CPU
		{1E2FA0E7-6856-49E7-B12A-C7B53EF77C75}.Release|x64.Build.0 = Release|Any CPU
		{1E2FA0E7-6856-49E7-B12A-C7B53EF77C75}.Release|x64.Deploy.0 = Release|Any CPU
		{1E2FA0E7-6856-49E7-B12A-C7B53EF77C75}.Release|x86.ActiveCfg = Release|Any CPU
		{1E2FA0E7-6856-49E7-B12A-C7B53EF77C75}.Release|x86.Build.0 = Release|Any CPU
		{1E2FA0E7-6856-49E7-B12A-C7B53EF77C75}.Release|x86.Deploy.0 = Release|Any CPU
		{22D907EB-2802-4E63-94B4-2358303AEAD8}.Debug|Any CPU.ActiveCfg = Debug|x64
		{22D907EB-2802-4E63-94B4-2358303AEAD8}.Debug|Any CPU.Build.0 = Debug|x64
		{22D907EB-2802-4E63-94B4-2358303AEAD8}.Debug|arm64.ActiveCfg = Debug|arm64
		{22D907EB-2802-4E63-94B4-2358303AEAD8}.Debug|arm64.Build.0 = Debug|arm64
		{22D907EB-2802-4E63-94B4-2358303AEAD8}.Debug|x64.ActiveCfg = Debug|x64
		{22D907EB-2802-4E63-94B4-2358303AEAD8}.Debug|x64.Build.0 = Debug|x64
		{22D907EB-2802-4E63-94B4-2358303AEAD8}.Debug|x86.ActiveCfg = Debug|x86
		{22D907EB-2802-4E63-94B4-2358303AEAD8}.Debug|x86.Build.0 = Debug|x86
		{22D907EB-2802-4E63-94B4-2358303AEAD8}.Release|Any CPU.ActiveCfg = Release|x64
		{22D907EB-2802-4E63-94B4-2358303AEAD8}.Release|arm64.ActiveCfg = Release|arm64
		{22D907EB-2802-4E63-94B4-2358303AEAD8}.Release|arm64.Build.0 = Release|arm64
		{22D907EB-2802-4E63-94B4-2358303AEAD8}.Release|x64.ActiveCfg = Release|x64
		{22D907EB-2802-4E63-94B4-2358303AEAD8}.Release|x64.Build.0 = Release|x64
		{22D907EB-2802-4E63-94B4-2358303AEAD8}.Release|x86.ActiveCfg = Release|x86
		{22D907EB-2802-4E63-94B4-2358303AEAD8}.Release|x86.Build.0 = Release|x86
		{AF636FF8-0018-4CF1-8713-5F639167FCD3}.Debug|Any CPU.ActiveCfg = Debug|x64
		{AF636FF8-0018-4CF1-8713-5F639167FCD3}.Debug|Any CPU.Build.0 = Debug|x64
		{AF636FF8-0018-4CF1-8713-5F639167FCD3}.Debug|Any CPU.Deploy.0 = Debug|x64
		{AF636FF8-0018-4CF1-8713-5F639167FCD3}.Debug|arm64.ActiveCfg = Debug|arm64
		{AF636FF8-0018-4CF1-8713-5F639167FCD3}.Debug|arm64.Build.0 = Debug|arm64
		{AF636FF8-0018-4CF1-8713-5F639167FCD3}.Debug|arm64.Deploy.0 = Debug|arm64
		{AF636FF8-0018-4CF1-8713-5F639167FCD3}.Debug|x64.ActiveCfg = Debug|x64
		{AF636FF8-0018-4CF1-8713-5F639167FCD3}.Debug|x64.Build.0 = Debug|x64
		{AF636FF8-0018-4CF1-8713-5F639167FCD3}.Debug|x64.Deploy.0 = Debug|x64
		{AF636FF8-0018-4CF1-8713-5F639167FCD3}.Debug|x86.ActiveCfg = Debug|x86
		{AF636FF8-0018-4CF1-8713-5F639167FCD3}.Debug|x86.Build.0 = Debug|x86
		{AF636FF8-0018-4CF1-8713-5F639167FCD3}.Debug|x86.Deploy.0 = Debug|x86
		{AF636FF8-0018-4CF1-8713-5F639167FCD3}.Release|Any CPU.ActiveCfg = Release|x64
		{AF636FF8-0018-4CF1-8713-5F639167FCD3}.Release|arm64.ActiveCfg = Release|arm64
		{AF636FF8-0018-4CF1-8713-5F639167FCD3}.Release|arm64.Build.0 = Release|arm64
		{AF636FF8-0018-4CF1-8713-5F639167FCD3}.Release|arm64.Deploy.0 = Release|arm64
		{AF636FF8-0018-4CF1-8713-5F639167FCD3}.Release|x64.ActiveCfg = Release|x64
		{AF636FF8-0018-4CF1-8713-5F639167FCD3}.Release|x64.Build.0 = Release|x64
		{AF636FF8-0018-4CF1-8713-5F639167FCD3}.Release|x64.Deploy.0 = Release|x64
		{AF636FF8-0018-4CF1-8713-5F639167FCD3}.Release|x86.ActiveCfg = Release|x86
		{AF636FF8-0018-4CF1-8713-5F639167FCD3}.Release|x86.Build.0 = Release|x86
		{AF636FF8-0018-4CF1-8713-5F639167FCD3}.Release|x86.Deploy.0 = Release|x86
	EndGlobalSection
	GlobalSection(SolutionProperties) = preSolution
		HideSolutionNode = FALSE
	EndGlobalSection
	GlobalSection(ExtensibilityGlobals) = postSolution
		SolutionGuid = {61F7FB11-1E47-470C-91E2-47F8143E1572}
	EndGlobalSection
EndGlobal
